// !$*UTF8*$!
{
	archiveVersion = 1;
	classes = {
	};
	objectVersion = 51;
	objects = {

/* Begin PBXBuildFile section */
		BA0E626D260017D400A63E9F /* Constants.swift in Sources */ = {isa = PBXBuildFile; fileRef = BA0E626C260017D400A63E9F /* Constants.swift */; };
		BA0E6270260022A900A63E9F /* ComicAPI.swift in Sources */ = {isa = PBXBuildFile; fileRef = BA0E626F260022A900A63E9F /* ComicAPI.swift */; };
		BA0E62792600239300A63E9F /* ComicListViewModel.swift in Sources */ = {isa = PBXBuildFile; fileRef = BA0E62782600239300A63E9F /* ComicListViewModel.swift */; };
		BA0E627F2600242C00A63E9F /* ComicListView.swift in Sources */ = {isa = PBXBuildFile; fileRef = BA0E627E2600242C00A63E9F /* ComicListView.swift */; };
		BA0E62892600263E00A63E9F /* Comic.swift in Sources */ = {isa = PBXBuildFile; fileRef = BA0E62882600263E00A63E9F /* Comic.swift */; };
		BA0E628F26002C5500A63E9F /* IssueDetail.swift in Sources */ = {isa = PBXBuildFile; fileRef = BA0E628B26002C5500A63E9F /* IssueDetail.swift */; };
		BA0E629026002C5500A63E9F /* Credit.swift in Sources */ = {isa = PBXBuildFile; fileRef = BA0E628C26002C5500A63E9F /* Credit.swift */; };
		BA0E629126002C5500A63E9F /* ComicImage.swift in Sources */ = {isa = PBXBuildFile; fileRef = BA0E628D26002C5500A63E9F /* ComicImage.swift */; };
		BA0E629226002C5500A63E9F /* ComicVolume.swift in Sources */ = {isa = PBXBuildFile; fileRef = BA0E628E26002C5500A63E9F /* ComicVolume.swift */; };
		BA0E6296260039C700A63E9F /* LoadingView.swift in Sources */ = {isa = PBXBuildFile; fileRef = BA0E6295260039C700A63E9F /* LoadingView.swift */; };
		BA0E629A260039E400A63E9F /* LoadingIndicator.swift in Sources */ = {isa = PBXBuildFile; fileRef = BA0E6299260039E400A63E9F /* LoadingIndicator.swift */; };
		BA30C26C260010E0001F7C5F /* Comic_BooksApp.swift in Sources */ = {isa = PBXBuildFile; fileRef = BA30C26B260010E0001F7C5F /* Comic_BooksApp.swift */; };
		BA30C26E260010E0001F7C5F /* ContentView.swift in Sources */ = {isa = PBXBuildFile; fileRef = BA30C26D260010E0001F7C5F /* ContentView.swift */; };
		BA30C270260010E1001F7C5F /* Assets.xcassets in Resources */ = {isa = PBXBuildFile; fileRef = BA30C26F260010E1001F7C5F /* Assets.xcassets */; };
		BA30C273260010E1001F7C5F /* Preview Assets.xcassets in Resources */ = {isa = PBXBuildFile; fileRef = BA30C272260010E1001F7C5F /* Preview Assets.xcassets */; };
		E3058BE8B43FEE241FF5D191 /* Pods_Comic_Books.framework in Frameworks */ = {isa = PBXBuildFile; fileRef = 42D3DCB0DAB620D580B53E21 /* Pods_Comic_Books.framework */; };
/* End PBXBuildFile section */

/* Begin PBXFileReference section */
		052D622A084DD0585797FC5B /* Pods-Comic Books.release.xcconfig */ = {isa = PBXFileReference; includeInIndex = 1; lastKnownFileType = text.xcconfig; name = "Pods-Comic Books.release.xcconfig"; path = "Target Support Files/Pods-Comic Books/Pods-Comic Books.release.xcconfig"; sourceTree = "<group>"; };
		42D3DCB0DAB620D580B53E21 /* Pods_Comic_Books.framework */ = {isa = PBXFileReference; explicitFileType = wrapper.framework; includeInIndex = 0; path = Pods_Comic_Books.framework; sourceTree = BUILT_PRODUCTS_DIR; };
		AC21FF9D0E6A91C6CBC5202D /* Pods-Comic Books.debug.xcconfig */ = {isa = PBXFileReference; includeInIndex = 1; lastKnownFileType = text.xcconfig; name = "Pods-Comic Books.debug.xcconfig"; path = "Target Support Files/Pods-Comic Books/Pods-Comic Books.debug.xcconfig"; sourceTree = "<group>"; };
		BA0E626C260017D400A63E9F /* Constants.swift */ = {isa = PBXFileReference; lastKnownFileType = sourcecode.swift; path = Constants.swift; sourceTree = "<group>"; };
		BA0E626F260022A900A63E9F /* ComicAPI.swift */ = {isa = PBXFileReference; lastKnownFileType = sourcecode.swift; path = ComicAPI.swift; sourceTree = "<group>"; };
		BA0E62782600239300A63E9F /* ComicListViewModel.swift */ = {isa = PBXFileReference; lastKnownFileType = sourcecode.swift; path = ComicListViewModel.swift; sourceTree = "<group>"; };
		BA0E627E2600242C00A63E9F /* ComicListView.swift */ = {isa = PBXFileReference; lastKnownFileType = sourcecode.swift; path = ComicListView.swift; sourceTree = "<group>"; };
		BA0E62882600263E00A63E9F /* Comic.swift */ = {isa = PBXFileReference; lastKnownFileType = sourcecode.swift; path = Comic.swift; sourceTree = "<group>"; };
		BA0E628B26002C5500A63E9F /* IssueDetail.swift */ = {isa = PBXFileReference; fileEncoding = 4; lastKnownFileType = sourcecode.swift; path = IssueDetail.swift; sourceTree = "<group>"; };
		BA0E628C26002C5500A63E9F /* Credit.swift */ = {isa = PBXFileReference; fileEncoding = 4; lastKnownFileType = sourcecode.swift; path = Credit.swift; sourceTree = "<group>"; };
		BA0E628D26002C5500A63E9F /* ComicImage.swift */ = {isa = PBXFileReference; fileEncoding = 4; lastKnownFileType = sourcecode.swift; path = ComicImage.swift; sourceTree = "<group>"; };
		BA0E628E26002C5500A63E9F /* ComicVolume.swift */ = {isa = PBXFileReference; fileEncoding = 4; lastKnownFileType = sourcecode.swift; path = ComicVolume.swift; sourceTree = "<group>"; };
		BA0E6295260039C700A63E9F /* LoadingView.swift */ = {isa = PBXFileReference; lastKnownFileType = sourcecode.swift; path = LoadingView.swift; sourceTree = "<group>"; };
		BA0E6299260039E400A63E9F /* LoadingIndicator.swift */ = {isa = PBXFileReference; lastKnownFileType = sourcecode.swift; path = LoadingIndicator.swift; sourceTree = "<group>"; };
		BA30C268260010E0001F7C5F /* Comic Books.app */ = {isa = PBXFileReference; explicitFileType = wrapper.application; includeInIndex = 0; path = "Comic Books.app"; sourceTree = BUILT_PRODUCTS_DIR; };
		BA30C26B260010E0001F7C5F /* Comic_BooksApp.swift */ = {isa = PBXFileReference; lastKnownFileType = sourcecode.swift; path = Comic_BooksApp.swift; sourceTree = "<group>"; };
		BA30C26D260010E0001F7C5F /* ContentView.swift */ = {isa = PBXFileReference; lastKnownFileType = sourcecode.swift; path = ContentView.swift; sourceTree = "<group>"; };
		BA30C26F260010E1001F7C5F /* Assets.xcassets */ = {isa = PBXFileReference; lastKnownFileType = folder.assetcatalog; path = Assets.xcassets; sourceTree = "<group>"; };
		BA30C272260010E1001F7C5F /* Preview Assets.xcassets */ = {isa = PBXFileReference; lastKnownFileType = folder.assetcatalog; path = "Preview Assets.xcassets"; sourceTree = "<group>"; };
		BA30C274260010E1001F7C5F /* Info.plist */ = {isa = PBXFileReference; lastKnownFileType = text.plist.xml; path = Info.plist; sourceTree = "<group>"; };
/* End PBXFileReference section */

/* Begin PBXFrameworksBuildPhase section */
		BA30C265260010E0001F7C5F /* Frameworks */ = {
			isa = PBXFrameworksBuildPhase;
			buildActionMask = 2147483647;
			files = (
				E3058BE8B43FEE241FF5D191 /* Pods_Comic_Books.framework in Frameworks */,
			);
			runOnlyForDeploymentPostprocessing = 0;
		};
/* End PBXFrameworksBuildPhase section */

/* Begin PBXGroup section */
		93D8B08F3E1E32247E9B90B8 /* Pods */ = {
			isa = PBXGroup;
			children = (
				AC21FF9D0E6A91C6CBC5202D /* Pods-Comic Books.debug.xcconfig */,
				052D622A084DD0585797FC5B /* Pods-Comic Books.release.xcconfig */,
			);
			path = Pods;
			sourceTree = "<group>";
		};
		9EA52F47C06D4C11ADA2D777 /* Frameworks */ = {
			isa = PBXGroup;
			children = (
				42D3DCB0DAB620D580B53E21 /* Pods_Comic_Books.framework */,
			);
			name = Frameworks;
			sourceTree = "<group>";
		};
		BA0E62732600234100A63E9F /* Models */ = {
			isa = PBXGroup;
			children = (
				BA0E62882600263E00A63E9F /* Comic.swift */,
				BA0E628D26002C5500A63E9F /* ComicImage.swift */,
				BA0E628E26002C5500A63E9F /* ComicVolume.swift */,
				BA0E628C26002C5500A63E9F /* Credit.swift */,
				BA0E628B26002C5500A63E9F /* IssueDetail.swift */,
			);
			path = Models;
			sourceTree = "<group>";
		};
		BA0E62772600238700A63E9F /* ViewModels */ = {
			isa = PBXGroup;
			children = (
				BA0E62782600239300A63E9F /* ComicListViewModel.swift */,
			);
			path = ViewModels;
			sourceTree = "<group>";
		};
		BA0E627B260023B800A63E9F /* API */ = {
			isa = PBXGroup;
			children = (
				BA0E626F260022A900A63E9F /* ComicAPI.swift */,
			);
			path = API;
			sourceTree = "<group>";
		};
		BA0E627C260023CB00A63E9F /* Utilities */ = {
			isa = PBXGroup;
			children = (
				BA0E626C260017D400A63E9F /* Constants.swift */,
			);
			path = Utilities;
			sourceTree = "<group>";
		};
		BA0E627D2600242000A63E9F /* Views */ = {
			isa = PBXGroup;
			children = (
				BA0E627E2600242C00A63E9F /* ComicListView.swift */,
				BA0E6295260039C700A63E9F /* LoadingView.swift */,
				BA0E6299260039E400A63E9F /* LoadingIndicator.swift */,
			);
			path = Views;
			sourceTree = "<group>";
		};
		BA30C25F260010E0001F7C5F = {
			isa = PBXGroup;
			children = (
				BA30C26A260010E0001F7C5F /* Comic Books */,
				BA30C269260010E0001F7C5F /* Products */,
				93D8B08F3E1E32247E9B90B8 /* Pods */,
				9EA52F47C06D4C11ADA2D777 /* Frameworks */,
			);
			sourceTree = "<group>";
		};
		BA30C269260010E0001F7C5F /* Products */ = {
			isa = PBXGroup;
			children = (
				BA30C268260010E0001F7C5F /* Comic Books.app */,
			);
			name = Products;
			sourceTree = "<group>";
		};
		BA30C26A260010E0001F7C5F /* Comic Books */ = {
			isa = PBXGroup;
			children = (
				BA0E627D2600242000A63E9F /* Views */,
				BA0E627C260023CB00A63E9F /* Utilities */,
				BA0E627B260023B800A63E9F /* API */,
				BA0E62772600238700A63E9F /* ViewModels */,
				BA0E62732600234100A63E9F /* Models */,
				BA30C26B260010E0001F7C5F /* Comic_BooksApp.swift */,
				BA30C26D260010E0001F7C5F /* ContentView.swift */,
				BA30C26F260010E1001F7C5F /* Assets.xcassets */,
				BA30C274260010E1001F7C5F /* Info.plist */,
				BA30C271260010E1001F7C5F /* Preview Content */,
			);
			path = "Comic Books";
			sourceTree = "<group>";
		};
		BA30C271260010E1001F7C5F /* Preview Content */ = {
			isa = PBXGroup;
			children = (
				BA30C272260010E1001F7C5F /* Preview Assets.xcassets */,
			);
			path = "Preview Content";
			sourceTree = "<group>";
		};
/* End PBXGroup section */

/* Begin PBXNativeTarget section */
		BA30C267260010E0001F7C5F /* Comic Books */ = {
			isa = PBXNativeTarget;
			buildConfigurationList = BA30C277260010E1001F7C5F /* Build configuration list for PBXNativeTarget "Comic Books" */;
			buildPhases = (
				C815D787EF796817A3B3EDE1 /* [CP] Check Pods Manifest.lock */,
				BA30C264260010E0001F7C5F /* Sources */,
				BA30C265260010E0001F7C5F /* Frameworks */,
				BA30C266260010E0001F7C5F /* Resources */,
				65359388E0792DDFE8D415F7 /* [CP] Embed Pods Frameworks */,
			);
			buildRules = (
			);
			dependencies = (
			);
			name = "Comic Books";
			productName = "Comic Books";
			productReference = BA30C268260010E0001F7C5F /* Comic Books.app */;
			productType = "com.apple.product-type.application";
		};
/* End PBXNativeTarget section */

/* Begin PBXProject section */
		BA30C260260010E0001F7C5F /* Project object */ = {
			isa = PBXProject;
			attributes = {
				LastSwiftUpdateCheck = 1240;
				LastUpgradeCheck = 1240;
				TargetAttributes = {
					BA30C267260010E0001F7C5F = {
						CreatedOnToolsVersion = 12.4;
					};
				};
			};
			buildConfigurationList = BA30C263260010E0001F7C5F /* Build configuration list for PBXProject "Comic Books" */;
			compatibilityVersion = "Xcode 9.3";
			developmentRegion = en;
			hasScannedForEncodings = 0;
			knownRegions = (
				en,
				Base,
			);
			mainGroup = BA30C25F260010E0001F7C5F;
			productRefGroup = BA30C269260010E0001F7C5F /* Products */;
			projectDirPath = "";
			projectRoot = "";
			targets = (
				BA30C267260010E0001F7C5F /* Comic Books */,
			);
		};
/* End PBXProject section */

/* Begin PBXResourcesBuildPhase section */
		BA30C266260010E0001F7C5F /* Resources */ = {
			isa = PBXResourcesBuildPhase;
			buildActionMask = 2147483647;
			files = (
				BA30C273260010E1001F7C5F /* Preview Assets.xcassets in Resources */,
				BA30C270260010E1001F7C5F /* Assets.xcassets in Resources */,
			);
			runOnlyForDeploymentPostprocessing = 0;
		};
/* End PBXResourcesBuildPhase section */

/* Begin PBXShellScriptBuildPhase section */
		65359388E0792DDFE8D415F7 /* [CP] Embed Pods Frameworks */ = {
			isa = PBXShellScriptBuildPhase;
			buildActionMask = 2147483647;
			files = (
			);
			inputFileListPaths = (
				"${PODS_ROOT}/Target Support Files/Pods-Comic Books/Pods-Comic Books-frameworks-${CONFIGURATION}-input-files.xcfilelist",
			);
			name = "[CP] Embed Pods Frameworks";
			outputFileListPaths = (
				"${PODS_ROOT}/Target Support Files/Pods-Comic Books/Pods-Comic Books-frameworks-${CONFIGURATION}-output-files.xcfilelist",
			);
			runOnlyForDeploymentPostprocessing = 0;
			shellPath = /bin/sh;
			shellScript = "\"${PODS_ROOT}/Target Support Files/Pods-Comic Books/Pods-Comic Books-frameworks.sh\"\n";
			showEnvVarsInLog = 0;
		};
		C815D787EF796817A3B3EDE1 /* [CP] Check Pods Manifest.lock */ = {
			isa = PBXShellScriptBuildPhase;
			buildActionMask = 2147483647;
			files = (
			);
			inputFileListPaths = (
			);
			inputPaths = (
				"${PODS_PODFILE_DIR_PATH}/Podfile.lock",
				"${PODS_ROOT}/Manifest.lock",
			);
			name = "[CP] Check Pods Manifest.lock";
			outputFileListPaths = (
			);
			outputPaths = (
				"$(DERIVED_FILE_DIR)/Pods-Comic Books-checkManifestLockResult.txt",
			);
			runOnlyForDeploymentPostprocessing = 0;
			shellPath = /bin/sh;
			shellScript = "diff \"${PODS_PODFILE_DIR_PATH}/Podfile.lock\" \"${PODS_ROOT}/Manifest.lock\" > /dev/null\nif [ $? != 0 ] ; then\n    # print error to STDERR\n    echo \"error: The sandbox is not in sync with the Podfile.lock. Run 'pod install' or update your CocoaPods installation.\" >&2\n    exit 1\nfi\n# This output is used by Xcode 'outputs' to avoid re-running this script phase.\necho \"SUCCESS\" > \"${SCRIPT_OUTPUT_FILE_0}\"\n";
			showEnvVarsInLog = 0;
		};
/* End PBXShellScriptBuildPhase section */

/* Begin PBXSourcesBuildPhase section */
		BA30C264260010E0001F7C5F /* Sources */ = {
			isa = PBXSourcesBuildPhase;
			buildActionMask = 2147483647;
			files = (
				BA30C26E260010E0001F7C5F /* ContentView.swift in Sources */,
				BA0E62892600263E00A63E9F /* Comic.swift in Sources */,
				BA30C26C260010E0001F7C5F /* Comic_BooksApp.swift in Sources */,
				BA0E629026002C5500A63E9F /* Credit.swift in Sources */,
				BA0E6270260022A900A63E9F /* ComicAPI.swift in Sources */,
				BA0E62792600239300A63E9F /* ComicListViewModel.swift in Sources */,
				BA0E627F2600242C00A63E9F /* ComicListView.swift in Sources */,
				BA0E628F26002C5500A63E9F /* IssueDetail.swift in Sources */,
				BA0E626D260017D400A63E9F /* Constants.swift in Sources */,
				BA0E629A260039E400A63E9F /* LoadingIndicator.swift in Sources */,
				BA0E629126002C5500A63E9F /* ComicImage.swift in Sources */,
				BA0E6296260039C700A63E9F /* LoadingView.swift in Sources */,
				BA0E629226002C5500A63E9F /* ComicVolume.swift in Sources */,
			);
			runOnlyForDeploymentPostprocessing = 0;
		};
/* End PBXSourcesBuildPhase section */

/* Begin XCBuildConfiguration section */
		BA30C275260010E1001F7C5F /* Debug */ = {
			isa = XCBuildConfiguration;
			buildSettings = {
				ALWAYS_SEARCH_USER_PATHS = NO;
				CLANG_ANALYZER_NONNULL = YES;
				CLANG_ANALYZER_NUMBER_OBJECT_CONVERSION = YES_AGGRESSIVE;
				CLANG_CXX_LANGUAGE_STANDARD = "gnu++14";
				CLANG_CXX_LIBRARY = "libc++";
				CLANG_ENABLE_MODULES = YES;
				CLANG_ENABLE_OBJC_ARC = YES;
				CLANG_ENABLE_OBJC_WEAK = YES;
				CLANG_WARN_BLOCK_CAPTURE_AUTORELEASING = YES;
				CLANG_WARN_BOOL_CONVERSION = YES;
				CLANG_WARN_COMMA = YES;
				CLANG_WARN_CONSTANT_CONVERSION = YES;
				CLANG_WARN_DEPRECATED_OBJC_IMPLEMENTATIONS = YES;
				CLANG_WARN_DIRECT_OBJC_ISA_USAGE = YES_ERROR;
				CLANG_WARN_DOCUMENTATION_COMMENTS = YES;
				CLANG_WARN_EMPTY_BODY = YES;
				CLANG_WARN_ENUM_CONVERSION = YES;
				CLANG_WARN_INFINITE_RECURSION = YES;
				CLANG_WARN_INT_CONVERSION = YES;
				CLANG_WARN_NON_LITERAL_NULL_CONVERSION = YES;
				CLANG_WARN_OBJC_IMPLICIT_RETAIN_SELF = YES;
				CLANG_WARN_OBJC_LITERAL_CONVERSION = YES;
				CLANG_WARN_OBJC_ROOT_CLASS = YES_ERROR;
				CLANG_WARN_QUOTED_INCLUDE_IN_FRAMEWORK_HEADER = YES;
				CLANG_WARN_RANGE_LOOP_ANALYSIS = YES;
				CLANG_WARN_STRICT_PROTOTYPES = YES;
				CLANG_WARN_SUSPICIOUS_MOVE = YES;
				CLANG_WARN_UNGUARDED_AVAILABILITY = YES_AGGRESSIVE;
				CLANG_WARN_UNREACHABLE_CODE = YES;
				CLANG_WARN__DUPLICATE_METHOD_MATCH = YES;
				COPY_PHASE_STRIP = NO;
				DEBUG_INFORMATION_FORMAT = dwarf;
				ENABLE_STRICT_OBJC_MSGSEND = YES;
				ENABLE_TESTABILITY = YES;
				GCC_C_LANGUAGE_STANDARD = gnu11;
				GCC_DYNAMIC_NO_PIC = NO;
				GCC_NO_COMMON_BLOCKS = YES;
				GCC_OPTIMIZATION_LEVEL = 0;
				GCC_PREPROCESSOR_DEFINITIONS = (
					"DEBUG=1",
					"$(inherited)",
				);
				GCC_WARN_64_TO_32_BIT_CONVERSION = YES;
				GCC_WARN_ABOUT_RETURN_TYPE = YES_ERROR;
				GCC_WARN_UNDECLARED_SELECTOR = YES;
				GCC_WARN_UNINITIALIZED_AUTOS = YES_AGGRESSIVE;
				GCC_WARN_UNUSED_FUNCTION = YES;
				GCC_WARN_UNUSED_VARIABLE = YES;
				IPHONEOS_DEPLOYMENT_TARGET = 14.4;
				MTL_ENABLE_DEBUG_INFO = INCLUDE_SOURCE;
				MTL_FAST_MATH = YES;
				ONLY_ACTIVE_ARCH = YES;
				SDKROOT = iphoneos;
				SWIFT_ACTIVE_COMPILATION_CONDITIONS = DEBUG;
				SWIFT_OPTIMIZATION_LEVEL = "-Onone";
			};
			name = Debug;
		};
		BA30C276260010E1001F7C5F /* Release */ = {
			isa = XCBuildConfiguration;
			buildSettings = {
				ALWAYS_SEARCH_USER_PATHS = NO;
				CLANG_ANALYZER_NONNULL = YES;
				CLANG_ANALYZER_NUMBER_OBJECT_CONVERSION = YES_AGGRESSIVE;
				CLANG_CXX_LANGUAGE_STANDARD = "gnu++14";
				CLANG_CXX_LIBRARY = "libc++";
				CLANG_ENABLE_MODULES = YES;
				CLANG_ENABLE_OBJC_ARC = YES;
				CLANG_ENABLE_OBJC_WEAK = YES;
				CLANG_WARN_BLOCK_CAPTURE_AUTORELEASING = YES;
				CLANG_WARN_BOOL_CONVERSION = YES;
				CLANG_WARN_COMMA = YES;
				CLANG_WARN_CONSTANT_CONVERSION = YES;
				CLANG_WARN_DEPRECATED_OBJC_IMPLEMENTATIONS = YES;
				CLANG_WARN_DIRECT_OBJC_ISA_USAGE = YES_ERROR;
				CLANG_WARN_DOCUMENTATION_COMMENTS = YES;
				CLANG_WARN_EMPTY_BODY = YES;
				CLANG_WARN_ENUM_CONVERSION = YES;
				CLANG_WARN_INFINITE_RECURSION = YES;
				CLANG_WARN_INT_CONVERSION = YES;
				CLANG_WARN_NON_LITERAL_NULL_CONVERSION = YES;
				CLANG_WARN_OBJC_IMPLICIT_RETAIN_SELF = YES;
				CLANG_WARN_OBJC_LITERAL_CONVERSION = YES;
				CLANG_WARN_OBJC_ROOT_CLASS = YES_ERROR;
				CLANG_WARN_QUOTED_INCLUDE_IN_FRAMEWORK_HEADER = YES;
				CLANG_WARN_RANGE_LOOP_ANALYSIS = YES;
				CLANG_WARN_STRICT_PROTOTYPES = YES;
				CLANG_WARN_SUSPICIOUS_MOVE = YES;
				CLANG_WARN_UNGUARDED_AVAILABILITY = YES_AGGRESSIVE;
				CLANG_WARN_UNREACHABLE_CODE = YES;
				CLANG_WARN__DUPLICATE_METHOD_MATCH = YES;
				COPY_PHASE_STRIP = NO;
				DEBUG_INFORMATION_FORMAT = "dwarf-with-dsym";
				ENABLE_NS_ASSERTIONS = NO;
				ENABLE_STRICT_OBJC_MSGSEND = YES;
				GCC_C_LANGUAGE_STANDARD = gnu11;
				GCC_NO_COMMON_BLOCKS = YES;
				GCC_WARN_64_TO_32_BIT_CONVERSION = YES;
				GCC_WARN_ABOUT_RETURN_TYPE = YES_ERROR;
				GCC_WARN_UNDECLARED_SELECTOR = YES;
				GCC_WARN_UNINITIALIZED_AUTOS = YES_AGGRESSIVE;
				GCC_WARN_UNUSED_FUNCTION = YES;
				GCC_WARN_UNUSED_VARIABLE = YES;
				IPHONEOS_DEPLOYMENT_TARGET = 14.4;
				MTL_ENABLE_DEBUG_INFO = NO;
				MTL_FAST_MATH = YES;
				SDKROOT = iphoneos;
				SWIFT_COMPILATION_MODE = wholemodule;
				SWIFT_OPTIMIZATION_LEVEL = "-O";
				VALIDATE_PRODUCT = YES;
			};
			name = Release;
		};
		BA30C278260010E1001F7C5F /* Debug */ = {
			isa = XCBuildConfiguration;
			baseConfigurationReference = AC21FF9D0E6A91C6CBC5202D /* Pods-Comic Books.debug.xcconfig */;
			buildSettings = {
				ASSETCATALOG_COMPILER_APPICON_NAME = AppIcon;
				ASSETCATALOG_COMPILER_GLOBAL_ACCENT_COLOR_NAME = AccentColor;
				CODE_SIGN_STYLE = Automatic;
				DEVELOPMENT_ASSET_PATHS = "\"Comic Books/Preview Content\"";
				ENABLE_PREVIEWS = YES;
				INFOPLIST_FILE = "Comic Books/Info.plist";
				IPHONEOS_DEPLOYMENT_TARGET = 14.0;
				LD_RUNPATH_SEARCH_PATHS = (
					"$(inherited)",
					"@executable_path/Frameworks",
				);
				PRODUCT_BUNDLE_IDENTIFIER = "com.sundevs.Comic-Books";
				PRODUCT_NAME = "$(TARGET_NAME)";
				SWIFT_VERSION = 5.0;
				TARGETED_DEVICE_FAMILY = "1,2";
			};
			name = Debug;
		};
		BA30C279260010E1001F7C5F /* Release */ = {
			isa = XCBuildConfiguration;
			baseConfigurationReference = 052D622A084DD0585797FC5B /* Pods-Comic Books.release.xcconfig */;
			buildSettings = {
				ASSETCATALOG_COMPILER_APPICON_NAME = AppIcon;
				ASSETCATALOG_COMPILER_GLOBAL_ACCENT_COLOR_NAME = AccentColor;
				CODE_SIGN_STYLE = Automatic;
				DEVELOPMENT_ASSET_PATHS = "\"Comic Books/Preview Content\"";
				ENABLE_PREVIEWS = YES;
				INFOPLIST_FILE = "Comic Books/Info.plist";
				IPHONEOS_DEPLOYMENT_TARGET = 14.0;
				LD_RUNPATH_SEARCH_PATHS = (
					"$(inherited)",
					"@executable_path/Frameworks",
				);
				PRODUCT_BUNDLE_IDENTIFIER = "com.sundevs.Comic-Books";
				PRODUCT_NAME = "$(TARGET_NAME)";
				SWIFT_VERSION = 5.0;
				TARGETED_DEVICE_FAMILY = "1,2";
			};
			name = Release;
		};
/* End XCBuildConfiguration section */

/* Begin XCConfigurationList section */
		BA30C263260010E0001F7C5F /* Build configuration list for PBXProject "Comic Books" */ = {
			isa = XCConfigurationList;
			buildConfigurations = (
				BA30C275260010E1001F7C5F /* Debug */,
				BA30C276260010E1001F7C5F /* Release */,
			);
			defaultConfigurationIsVisible = 0;
			defaultConfigurationName = Release;
		};
		BA30C277260010E1001F7C5F /* Build configuration list for PBXNativeTarget "Comic Books" */ = {
			isa = XCConfigurationList;
			buildConfigurations = (
				BA30C278260010E1001F7C5F /* Debug */,
				BA30C279260010E1001F7C5F /* Release */,
			);
			defaultConfigurationIsVisible = 0;
			defaultConfigurationName = Release;
		};
/* End XCConfigurationList section */
	};
	rootObject = BA30C260260010E0001F7C5F /* Project object */;
}
